
Microsoft Visual Studio Solution File, Format Version 12.00
# Visual Studio Version 17
VisualStudioVersion = 17.5.33424.131
MinimumVisualStudioVersion = 10.0.40219.1
Project("{F184B08F-C81C-45F6-A57F-5ABD9991F28F}") = "Grade claculator", "Grade claculator.vbproj", "{F49864A1-4A48-4D85-80D4-605BC2278753}"
EndProject
Global
	GlobalSection(SolutionConfigurationPlatforms) = preSolution
		Debug|Any CPU = Debug|Any CPU
		Release|Any CPU = Release|Any CPU
	EndGlobalSection
	GlobalSection(ProjectConfigurationPlatforms) = postSolution
		{F49864A1-4A48-4D85-80D4-605BC2278753}.Debug|Any CPU.ActiveCfg = Debug|Any CPU
		{F49864A1-4A48-4D85-80D4-605BC2278753}.Debug|Any CPU.Build.0 = Debug|Any CPU
		{F49864A1-4A48-4D85-80D4-605BC2278753}.Release|Any CPU.ActiveCfg = Release|Any CPU
		{F49864A1-4A48-4D85-80D4-605BC2278753}.Release|Any CPU.Build.0 = Release|Any CPU
	EndGlobalSection
	GlobalSection(SolutionProperties) = preSolution
		HideSolutionNode = FALSE
	EndGlobalSection
	GlobalSection(ExtensibilityGlobals) = postSolution
		SolutionGuid = {1FF45EBC-3055-4ECC-A1B7-9A8E5B334424}
	EndGlobalSection
EndGlobal
