
Microsoft Visual Studio Solution File, Format Version 12.00
# Visual Studio Version 17
VisualStudioVersion = 17.5.33424.131
MinimumVisualStudioVersion = 10.0.40219.1
Project("{F184B08F-C81C-45F6-A57F-5ABD9991F28F}") = "Student Grading Application", "Student Grading Application.vbproj", "{57FDF485-1223-4E0E-892C-95CF14055B33}"
EndProject
Global
	GlobalSection(SolutionConfigurationPlatforms) = preSolution
		Debug|Any CPU = Debug|Any CPU
		Release|Any CPU = Release|Any CPU
	EndGlobalSection
	GlobalSection(ProjectConfigurationPlatforms) = postSolution
		{57FDF485-1223-4E0E-892C-95CF14055B33}.Debug|Any CPU.ActiveCfg = Debug|Any CPU
		{57FDF485-1223-4E0E-892C-95CF14055B33}.Debug|Any CPU.Build.0 = Debug|Any CPU
		{57FDF485-1223-4E0E-892C-95CF14055B33}.Release|Any CPU.ActiveCfg = Release|Any CPU
		{57FDF485-1223-4E0E-892C-95CF14055B33}.Release|Any CPU.Build.0 = Release|Any CPU
	EndGlobalSection
	GlobalSection(SolutionProperties) = preSolution
		HideSolutionNode = FALSE
	EndGlobalSection
	GlobalSection(ExtensibilityGlobals) = postSolution
		SolutionGuid = {B0583D90-BFB8-47B2-923C-BF05EB30E253}
	EndGlobalSection
EndGlobal
